{
  "name": "tiptap-php",
  "version": "1.0.0",
  "lockfileVersion": 2,
  "requires": true,
  "packages": {
    "": {
      "name": "tiptap-php",
      "devDependencies": {
        "shiki": "^1.0.0"
      }
    },
    "node_modules/@shikijs/core": {
      "version": "1.1.7",
      "resolved": "https://registry.npmjs.org/@shikijs/core/-/core-1.1.7.tgz",
      "integrity": "sha512-gTYLUIuD1UbZp/11qozD3fWpUTuMqPSf3svDMMrL0UmlGU7D9dPw/V1FonwAorCUJBltaaESxq90jrSjQyGixg==",
      "dev": true
    },
    "node_modules/shiki": {
      "version": "1.1.7",
      "resolved": "https://registry.npmjs.org/shiki/-/shiki-1.1.7.tgz",
      "integrity": "sha512-9kUTMjZtcPH3i7vHunA6EraTPpPOITYTdA5uMrvsJRexktqP0s7P3s9HVK80b4pP42FRVe03D7fT3NmJv2yYhw==",
      "dev": true,
      "dependencies": {
        "@shikijs/core": "1.1.7"
      }
    }
  },
  "dependencies": {
    "@shikijs/core": {
      "version": "1.1.7",
      "resolved": "https://registry.npmjs.org/@shikijs/core/-/core-1.1.7.tgz",
      "integrity": "sha512-gTYLUIuD1UbZp/11qozD3fWpUTuMqPSf3svDMMrL0UmlGU7D9dPw/V1FonwAorCUJBltaaESxq90jrSjQyGixg==",
      "dev": true
    },
    "shiki": {
      "version": "1.1.7",
      "resolved": "https://registry.npmjs.org/shiki/-/shiki-1.1.7.tgz",
      "integrity": "sha512-9kUTMjZtcPH3i7vHunA6EraTPpPOITYTdA5uMrvsJRexktqP0s7P3s9HVK80b4pP42FRVe03D7fT3NmJv2yYhw==",
      "dev": true,
      "requires": {
        "@shikijs/core": "1.1.7"
      }
    }
  }
}
